
Microsoft Visual Studio Solution File, Format Version 12.00
# Visual Studio Version 16
VisualStudioVersion = 16.0.30320.27
MinimumVisualStudioVersion = 10.0.40219.1
Project("{FAE04EC0-301F-11D3-BF4B-00C04F79EFBC}") = "SteamGroupLimiter", "SteamGroupLimiter\SteamGroupLimiter.csproj", "{FF3DBEC5-921D-4EA4-B953-244AB7D84CB2}"
EndProject
Global
	GlobalSection(SolutionConfigurationPlatforms) = preSolution
		Debug|Any CPU = Debug|Any CPU
		Release|Any CPU = Release|Any CPU
	EndGlobalSection
	GlobalSection(ProjectConfigurationPlatforms) = postSolution
		{FF3DBEC5-921D-4EA4-B953-244AB7D84CB2}.Debug|Any CPU.ActiveCfg = Debug|Any CPU
		{FF3DBEC5-921D-4EA4-B953-244AB7D84CB2}.Debug|Any CPU.Build.0 = Debug|Any CPU
		{FF3DBEC5-921D-4EA4-B953-244AB7D84CB2}.Release|Any CPU.ActiveCfg = Release|Any CPU
		{FF3DBEC5-921D-4EA4-B953-244AB7D84CB2}.Release|Any CPU.Build.0 = Release|Any CPU
	EndGlobalSection
	GlobalSection(SolutionProperties) = preSolution
		HideSolutionNode = FALSE
	EndGlobalSection
	GlobalSection(ExtensibilityGlobals) = postSolution
		SolutionGuid = {2FF46063-7E13-4D6C-8333-7B458651F5B0}
	EndGlobalSection
EndGlobal
